
Microsoft Visual Studio Solution File, Format Version 12.00
# Visual Studio 15
VisualStudioVersion = 15.0.28010.2048
MinimumVisualStudioVersion = 10.0.40219.1
Project("{FAE04EC0-301F-11D3-BF4B-00C04F79EFBC}") = "Around", "Around\Around.csproj", "{BE1D467C-8917-4CCB-9EE7-F0EC6C111554}"
EndProject
Global
	GlobalSection(SolutionConfigurationPlatforms) = preSolution
		Debug|Any CPU = Debug|Any CPU
		Release|Any CPU = Release|Any CPU
	EndGlobalSection
	GlobalSection(ProjectConfigurationPlatforms) = postSolution
		{BE1D467C-8917-4CCB-9EE7-F0EC6C111554}.Debug|Any CPU.ActiveCfg = Debug|Any CPU
		{BE1D467C-8917-4CCB-9EE7-F0EC6C111554}.Debug|Any CPU.Build.0 = Debug|Any CPU
		{BE1D467C-8917-4CCB-9EE7-F0EC6C111554}.Release|Any CPU.ActiveCfg = Release|Any CPU
		{BE1D467C-8917-4CCB-9EE7-F0EC6C111554}.Release|Any CPU.Build.0 = Release|Any CPU
	EndGlobalSection
	GlobalSection(SolutionProperties) = preSolution
		HideSolutionNode = FALSE
	EndGlobalSection
	GlobalSection(ExtensibilityGlobals) = postSolution
		SolutionGuid = {9DCF7B3D-3490-41E2-931D-D8C0813A0BB3}
	EndGlobalSection
EndGlobal
